
Microsoft Visual Studio Solution File, Format Version 12.00
# Visual Studio Version 17
VisualStudioVersion = 17.8.34316.72
MinimumVisualStudioVersion = 10.0.40219.1
Project("{9A19103F-16F7-4668-BE54-9A1E7A4F7556}") = "Restapp-net8", "Restapp-net8\Restapp-net8.csproj", "{8AD3A911-264A-4828-9BF7-13B307679C3C}"
EndProject
Project("{9A19103F-16F7-4668-BE54-9A1E7A4F7556}") = "Domain", "Domain\Domain.csproj", "{0AC73349-C9EA-43D4-AA41-F4901076204D}"
EndProject
Project("{9A19103F-16F7-4668-BE54-9A1E7A4F7556}") = "Repository", "Repository\Repository.csproj", "{26FCA8E6-70B5-4C32-A268-5ED27978AB94}"
EndProject
Project("{9A19103F-16F7-4668-BE54-9A1E7A4F7556}") = "Service", "Service\Service.csproj", "{227E0702-AA82-445D-9898-2DF5D305CC67}"
EndProject
Project("{FAE04EC0-301F-11D3-BF4B-00C04F79EFBC}") = "Test", "Test\Test.csproj", "{A61EFE7A-DE32-4F89-B7D2-0626883AD4C9}"
EndProject
Global
	GlobalSection(SolutionConfigurationPlatforms) = preSolution
		Debug|Any CPU = Debug|Any CPU
		Release|Any CPU = Release|Any CPU
	EndGlobalSection
	GlobalSection(ProjectConfigurationPlatforms) = postSolution
		{8AD3A911-264A-4828-9BF7-13B307679C3C}.Debug|Any CPU.ActiveCfg = Debug|Any CPU
		{8AD3A911-264A-4828-9BF7-13B307679C3C}.Debug|Any CPU.Build.0 = Debug|Any CPU
		{8AD3A911-264A-4828-9BF7-13B307679C3C}.Release|Any CPU.ActiveCfg = Release|Any CPU
		{8AD3A911-264A-4828-9BF7-13B307679C3C}.Release|Any CPU.Build.0 = Release|Any CPU
		{0AC73349-C9EA-43D4-AA41-F4901076204D}.Debug|Any CPU.ActiveCfg = Debug|Any CPU
		{0AC73349-C9EA-43D4-AA41-F4901076204D}.Debug|Any CPU.Build.0 = Debug|Any CPU
		{0AC73349-C9EA-43D4-AA41-F4901076204D}.Release|Any CPU.ActiveCfg = Release|Any CPU
		{0AC73349-C9EA-43D4-AA41-F4901076204D}.Release|Any CPU.Build.0 = Release|Any CPU
		{26FCA8E6-70B5-4C32-A268-5ED27978AB94}.Debug|Any CPU.ActiveCfg = Debug|Any CPU
		{26FCA8E6-70B5-4C32-A268-5ED27978AB94}.Debug|Any CPU.Build.0 = Debug|Any CPU
		{26FCA8E6-70B5-4C32-A268-5ED27978AB94}.Release|Any CPU.ActiveCfg = Release|Any CPU
		{26FCA8E6-70B5-4C32-A268-5ED27978AB94}.Release|Any CPU.Build.0 = Release|Any CPU
		{227E0702-AA82-445D-9898-2DF5D305CC67}.Debug|Any CPU.ActiveCfg = Debug|Any CPU
		{227E0702-AA82-445D-9898-2DF5D305CC67}.Debug|Any CPU.Build.0 = Debug|Any CPU
		{227E0702-AA82-445D-9898-2DF5D305CC67}.Release|Any CPU.ActiveCfg = Release|Any CPU
		{227E0702-AA82-445D-9898-2DF5D305CC67}.Release|Any CPU.Build.0 = Release|Any CPU
		{A61EFE7A-DE32-4F89-B7D2-0626883AD4C9}.Debug|Any CPU.ActiveCfg = Debug|Any CPU
		{A61EFE7A-DE32-4F89-B7D2-0626883AD4C9}.Debug|Any CPU.Build.0 = Debug|Any CPU
		{A61EFE7A-DE32-4F89-B7D2-0626883AD4C9}.Release|Any CPU.ActiveCfg = Release|Any CPU
		{A61EFE7A-DE32-4F89-B7D2-0626883AD4C9}.Release|Any CPU.Build.0 = Release|Any CPU
	EndGlobalSection
	GlobalSection(SolutionProperties) = preSolution
		HideSolutionNode = FALSE
	EndGlobalSection
	GlobalSection(ExtensibilityGlobals) = postSolution
		SolutionGuid = {C4AB6ABB-B916-4FAA-A7A7-FE20D32075CC}
	EndGlobalSection
EndGlobal
